
Microsoft Visual Studio Solution File, Format Version 12.00
# Visual Studio Version 16
VisualStudioVersion = 16.0.31613.86
MinimumVisualStudioVersion = 10.0.40219.1
Project("{FAE04EC0-301F-11D3-BF4B-00C04F79EFBC}") = "ShioTreeGrid", "ShioTreeGrid.csproj", "{6BE112F9-330A-491B-866F-D8739F186FF5}"
EndProject
Global
	GlobalSection(SolutionConfigurationPlatforms) = preSolution
		Debug|Any CPU = Debug|Any CPU
		Release|Any CPU = Release|Any CPU
	EndGlobalSection
	GlobalSection(ProjectConfigurationPlatforms) = postSolution
		{6BE112F9-330A-491B-866F-D8739F186FF5}.Debug|Any CPU.ActiveCfg = Debug|Any CPU
		{6BE112F9-330A-491B-866F-D8739F186FF5}.Debug|Any CPU.Build.0 = Debug|Any CPU
		{6BE112F9-330A-491B-866F-D8739F186FF5}.Release|Any CPU.ActiveCfg = Release|Any CPU
		{6BE112F9-330A-491B-866F-D8739F186FF5}.Release|Any CPU.Build.0 = Release|Any CPU
	EndGlobalSection
	GlobalSection(SolutionProperties) = preSolution
		HideSolutionNode = FALSE
	EndGlobalSection
	GlobalSection(ExtensibilityGlobals) = postSolution
		SolutionGuid = {26961EE7-2E13-4876-8F39-E89454ACD112}
	EndGlobalSection
EndGlobal
